
Microsoft Visual Studio Solution File, Format Version 12.00
# Visual Studio Version 17
VisualStudioVersion = 17.10.35122.118
MinimumVisualStudioVersion = 10.0.40219.1
Project("{FAE04EC0-301F-11D3-BF4B-00C04F79EFBC}") = "TheMovies", "TheMovies\TheMovies.csproj", "{236C01C3-1E9C-4D83-99A2-84DDF1277454}"
EndProject
Global
	GlobalSection(SolutionConfigurationPlatforms) = preSolution
		Debug|Any CPU = Debug|Any CPU
		Release|Any CPU = Release|Any CPU
	EndGlobalSection
	GlobalSection(ProjectConfigurationPlatforms) = postSolution
		{236C01C3-1E9C-4D83-99A2-84DDF1277454}.Debug|Any CPU.ActiveCfg = Debug|Any CPU
		{236C01C3-1E9C-4D83-99A2-84DDF1277454}.Debug|Any CPU.Build.0 = Debug|Any CPU
		{236C01C3-1E9C-4D83-99A2-84DDF1277454}.Release|Any CPU.ActiveCfg = Release|Any CPU
		{236C01C3-1E9C-4D83-99A2-84DDF1277454}.Release|Any CPU.Build.0 = Release|Any CPU
	EndGlobalSection
	GlobalSection(SolutionProperties) = preSolution
		HideSolutionNode = FALSE
	EndGlobalSection
	GlobalSection(ExtensibilityGlobals) = postSolution
		SolutionGuid = {24B98B80-0461-4F3F-B1E5-B34D95F50827}
	EndGlobalSection
EndGlobal
